
Microsoft Visual Studio Solution File, Format Version 12.00
# Visual Studio Version 17
VisualStudioVersion = 17.4.33205.214
MinimumVisualStudioVersion = 10.0.40219.1
Project("{FAE04EC0-301F-11D3-BF4B-00C04F79EFBC}") = "CandyShop", "CandyShop.csproj", "{66E5A6CD-7D78-4835-99F5-4AF755867A85}"
EndProject
Global
	GlobalSection(SolutionConfigurationPlatforms) = preSolution
		Debug|Any CPU = Debug|Any CPU
		Release|Any CPU = Release|Any CPU
	EndGlobalSection
	GlobalSection(ProjectConfigurationPlatforms) = postSolution
		{66E5A6CD-7D78-4835-99F5-4AF755867A85}.Debug|Any CPU.ActiveCfg = Debug|Any CPU
		{66E5A6CD-7D78-4835-99F5-4AF755867A85}.Debug|Any CPU.Build.0 = Debug|Any CPU
		{66E5A6CD-7D78-4835-99F5-4AF755867A85}.Release|Any CPU.ActiveCfg = Release|Any CPU
		{66E5A6CD-7D78-4835-99F5-4AF755867A85}.Release|Any CPU.Build.0 = Release|Any CPU
	EndGlobalSection
	GlobalSection(SolutionProperties) = preSolution
		HideSolutionNode = FALSE
	EndGlobalSection
	GlobalSection(ExtensibilityGlobals) = postSolution
		SolutionGuid = {D709F0C3-DD22-4D97-BC38-A78EAF92D2AD}
	EndGlobalSection
EndGlobal
